
Microsoft Visual Studio Solution File, Format Version 12.00
# Visual Studio Version 17
VisualStudioVersion = 17.5.33516.290
MinimumVisualStudioVersion = 10.0.40219.1
Project("{FAE04EC0-301F-11D3-BF4B-00C04F79EFBC}") = "ITMO.WinCSCourse2023.Lab1.1", "ITMO.WinCSCourse2023.Lab1.1\ITMO.WinCSCourse2023.Lab1.1.csproj", "{F3E21054-55B8-476F-84B8-16A3A74A0C6A}"
EndProject
Project("{FAE04EC0-301F-11D3-BF4B-00C04F79EFBC}") = "ITMO.WinCSCourse2023.Lab1.2", "ITMO.WinCSCourse2023.Lab1.2\ITMO.WinCSCourse2023.Lab1.2.csproj", "{6E0CF84D-C162-4897-8B2F-9CBE15D8A92C}"
EndProject
Project("{FAE04EC0-301F-11D3-BF4B-00C04F79EFBC}") = "ITMO.WinCSCourse2023.Lab1.3", "ITMO.WinCSCourse2023.Lab1.3\ITMO.WinCSCourse2023.Lab1.3.csproj", "{4F5839BA-FC73-442A-A041-5F02E4EE018C}"
EndProject
Project("{FAE04EC0-301F-11D3-BF4B-00C04F79EFBC}") = "ITMO.WinCSCourse2023.Lab1.4", "ITMO.WinCSCourse2023.Lab1.4\ITMO.WinCSCourse2023.Lab1.4.csproj", "{FD754ACB-D0C4-4E5A-A51F-325815E76144}"
EndProject
Project("{FAE04EC0-301F-11D3-BF4B-00C04F79EFBC}") = "ITMO.WinCSCourse2023.Lab1.5.1", "ITMO.WinCSCourse2023.Lab1.5.1\ITMO.WinCSCourse2023.Lab1.5.1.csproj", "{3CB6D01A-C587-407F-9670-0B8FC256F690}"
EndProject
Project("{FAE04EC0-301F-11D3-BF4B-00C04F79EFBC}") = "ITMO.WinCSCourse2023.Lab1.5.2", "ITMO.WinCSCourse2023.Lab1.5.2\ITMO.WinCSCourse2023.Lab1.5.2.csproj", "{8A23D390-3704-4E1B-950D-3597DA383209}"
EndProject
Global
	GlobalSection(SolutionConfigurationPlatforms) = preSolution
		Debug|Any CPU = Debug|Any CPU
		Release|Any CPU = Release|Any CPU
	EndGlobalSection
	GlobalSection(ProjectConfigurationPlatforms) = postSolution
		{F3E21054-55B8-476F-84B8-16A3A74A0C6A}.Debug|Any CPU.ActiveCfg = Debug|Any CPU
		{F3E21054-55B8-476F-84B8-16A3A74A0C6A}.Debug|Any CPU.Build.0 = Debug|Any CPU
		{F3E21054-55B8-476F-84B8-16A3A74A0C6A}.Release|Any CPU.ActiveCfg = Release|Any CPU
		{F3E21054-55B8-476F-84B8-16A3A74A0C6A}.Release|Any CPU.Build.0 = Release|Any CPU
		{6E0CF84D-C162-4897-8B2F-9CBE15D8A92C}.Debug|Any CPU.ActiveCfg = Debug|Any CPU
		{6E0CF84D-C162-4897-8B2F-9CBE15D8A92C}.Debug|Any CPU.Build.0 = Debug|Any CPU
		{6E0CF84D-C162-4897-8B2F-9CBE15D8A92C}.Release|Any CPU.ActiveCfg = Release|Any CPU
		{6E0CF84D-C162-4897-8B2F-9CBE15D8A92C}.Release|Any CPU.Build.0 = Release|Any CPU
		{4F5839BA-FC73-442A-A041-5F02E4EE018C}.Debug|Any CPU.ActiveCfg = Debug|Any CPU
		{4F5839BA-FC73-442A-A041-5F02E4EE018C}.Debug|Any CPU.Build.0 = Debug|Any CPU
		{4F5839BA-FC73-442A-A041-5F02E4EE018C}.Release|Any CPU.ActiveCfg = Release|Any CPU
		{4F5839BA-FC73-442A-A041-5F02E4EE018C}.Release|Any CPU.Build.0 = Release|Any CPU
		{FD754ACB-D0C4-4E5A-A51F-325815E76144}.Debug|Any CPU.ActiveCfg = Debug|Any CPU
		{FD754ACB-D0C4-4E5A-A51F-325815E76144}.Debug|Any CPU.Build.0 = Debug|Any CPU
		{FD754ACB-D0C4-4E5A-A51F-325815E76144}.Release|Any CPU.ActiveCfg = Release|Any CPU
		{FD754ACB-D0C4-4E5A-A51F-325815E76144}.Release|Any CPU.Build.0 = Release|Any CPU
		{3CB6D01A-C587-407F-9670-0B8FC256F690}.Debug|Any CPU.ActiveCfg = Debug|Any CPU
		{3CB6D01A-C587-407F-9670-0B8FC256F690}.Debug|Any CPU.Build.0 = Debug|Any CPU
		{3CB6D01A-C587-407F-9670-0B8FC256F690}.Release|Any CPU.ActiveCfg = Release|Any CPU
		{3CB6D01A-C587-407F-9670-0B8FC256F690}.Release|Any CPU.Build.0 = Release|Any CPU
		{8A23D390-3704-4E1B-950D-3597DA383209}.Debug|Any CPU.ActiveCfg = Debug|Any CPU
		{8A23D390-3704-4E1B-950D-3597DA383209}.Debug|Any CPU.Build.0 = Debug|Any CPU
		{8A23D390-3704-4E1B-950D-3597DA383209}.Release|Any CPU.ActiveCfg = Release|Any CPU
		{8A23D390-3704-4E1B-950D-3597DA383209}.Release|Any CPU.Build.0 = Release|Any CPU
	EndGlobalSection
	GlobalSection(SolutionProperties) = preSolution
		HideSolutionNode = FALSE
	EndGlobalSection
	GlobalSection(ExtensibilityGlobals) = postSolution
		SolutionGuid = {9CCC7A8D-05D0-40F2-9E59-4F5C1AB05A2A}
	EndGlobalSection
EndGlobal
