
Microsoft Visual Studio Solution File, Format Version 12.00
# Visual Studio Version 17
VisualStudioVersion = 17.7.34031.279
MinimumVisualStudioVersion = 10.0.40219.1
Project("{FAE04EC0-301F-11D3-BF4B-00C04F79EFBC}") = "SavingDataSetXml", "SavingDataSetXml.csproj", "{0266C89C-00BB-4BB4-A65A-60656676DDA2}"
EndProject
Global
	GlobalSection(SolutionConfigurationPlatforms) = preSolution
		Debug|Any CPU = Debug|Any CPU
		Release|Any CPU = Release|Any CPU
	EndGlobalSection
	GlobalSection(ProjectConfigurationPlatforms) = postSolution
		{0266C89C-00BB-4BB4-A65A-60656676DDA2}.Debug|Any CPU.ActiveCfg = Debug|Any CPU
		{0266C89C-00BB-4BB4-A65A-60656676DDA2}.Debug|Any CPU.Build.0 = Debug|Any CPU
		{0266C89C-00BB-4BB4-A65A-60656676DDA2}.Release|Any CPU.ActiveCfg = Release|Any CPU
		{0266C89C-00BB-4BB4-A65A-60656676DDA2}.Release|Any CPU.Build.0 = Release|Any CPU
	EndGlobalSection
	GlobalSection(SolutionProperties) = preSolution
		HideSolutionNode = FALSE
	EndGlobalSection
	GlobalSection(ExtensibilityGlobals) = postSolution
		SolutionGuid = {80498D65-78FD-4AAE-8156-C31F06A096D8}
	EndGlobalSection
EndGlobal
