
Microsoft Visual Studio Solution File, Format Version 12.00
# Visual Studio Version 17
VisualStudioVersion = 17.5.33516.290
MinimumVisualStudioVersion = 10.0.40219.1
Project("{FAE04EC0-301F-11D3-BF4B-00C04F79EFBC}") = "ITMO.WinCSCourse2023.Calculator.WPF", "ITMO.WinCSCourse2023.Calculator.WPF.csproj", "{3DF80920-9B2C-4CA7-A792-3C32282261E3}"
EndProject
Global
	GlobalSection(SolutionConfigurationPlatforms) = preSolution
		Debug|Any CPU = Debug|Any CPU
		Release|Any CPU = Release|Any CPU
	EndGlobalSection
	GlobalSection(ProjectConfigurationPlatforms) = postSolution
		{3DF80920-9B2C-4CA7-A792-3C32282261E3}.Debug|Any CPU.ActiveCfg = Debug|Any CPU
		{3DF80920-9B2C-4CA7-A792-3C32282261E3}.Debug|Any CPU.Build.0 = Debug|Any CPU
		{3DF80920-9B2C-4CA7-A792-3C32282261E3}.Release|Any CPU.ActiveCfg = Release|Any CPU
		{3DF80920-9B2C-4CA7-A792-3C32282261E3}.Release|Any CPU.Build.0 = Release|Any CPU
	EndGlobalSection
	GlobalSection(SolutionProperties) = preSolution
		HideSolutionNode = FALSE
	EndGlobalSection
	GlobalSection(ExtensibilityGlobals) = postSolution
		SolutionGuid = {794CEA0D-3731-46E9-8559-9D926EB0A1BD}
	EndGlobalSection
EndGlobal
