
Microsoft Visual Studio Solution File, Format Version 12.00
# Visual Studio Version 17
VisualStudioVersion = 17.7.34031.279
MinimumVisualStudioVersion = 10.0.40219.1
Project("{FAE04EC0-301F-11D3-BF4B-00C04F79EFBC}") = "CustomerManager", "CustomerManager.csproj", "{F49FE772-AD52-403E-8C06-2B5A1569CB1D}"
EndProject
Project("{FAE04EC0-301F-11D3-BF4B-00C04F79EFBC}") = "CodeFirst", "..\CodeFirst\CodeFirst.csproj", "{697737DB-FCB6-455C-B09E-EEA1DF0CF438}"
EndProject
Global
	GlobalSection(SolutionConfigurationPlatforms) = preSolution
		Debug|Any CPU = Debug|Any CPU
		Release|Any CPU = Release|Any CPU
	EndGlobalSection
	GlobalSection(ProjectConfigurationPlatforms) = postSolution
		{F49FE772-AD52-403E-8C06-2B5A1569CB1D}.Debug|Any CPU.ActiveCfg = Debug|Any CPU
		{F49FE772-AD52-403E-8C06-2B5A1569CB1D}.Debug|Any CPU.Build.0 = Debug|Any CPU
		{F49FE772-AD52-403E-8C06-2B5A1569CB1D}.Release|Any CPU.ActiveCfg = Release|Any CPU
		{F49FE772-AD52-403E-8C06-2B5A1569CB1D}.Release|Any CPU.Build.0 = Release|Any CPU
		{697737DB-FCB6-455C-B09E-EEA1DF0CF438}.Debug|Any CPU.ActiveCfg = Debug|Any CPU
		{697737DB-FCB6-455C-B09E-EEA1DF0CF438}.Debug|Any CPU.Build.0 = Debug|Any CPU
		{697737DB-FCB6-455C-B09E-EEA1DF0CF438}.Release|Any CPU.ActiveCfg = Release|Any CPU
		{697737DB-FCB6-455C-B09E-EEA1DF0CF438}.Release|Any CPU.Build.0 = Release|Any CPU
	EndGlobalSection
	GlobalSection(SolutionProperties) = preSolution
		HideSolutionNode = FALSE
	EndGlobalSection
	GlobalSection(ExtensibilityGlobals) = postSolution
		SolutionGuid = {43D70B7F-C08B-4416-821F-C42E6541BF02}
	EndGlobalSection
EndGlobal
