
Microsoft Visual Studio Solution File, Format Version 12.00
# Visual Studio Version 17
VisualStudioVersion = 17.7.34031.279
MinimumVisualStudioVersion = 10.0.40219.1
Project("{FAE04EC0-301F-11D3-BF4B-00C04F79EFBC}") = "LINQsql_m", "LINQsql_m.csproj", "{23AC6C1A-8EDA-4AD8-A84D-7057F2D97627}"
EndProject
Global
	GlobalSection(SolutionConfigurationPlatforms) = preSolution
		Debug|Any CPU = Debug|Any CPU
		Release|Any CPU = Release|Any CPU
	EndGlobalSection
	GlobalSection(ProjectConfigurationPlatforms) = postSolution
		{23AC6C1A-8EDA-4AD8-A84D-7057F2D97627}.Debug|Any CPU.ActiveCfg = Debug|Any CPU
		{23AC6C1A-8EDA-4AD8-A84D-7057F2D97627}.Debug|Any CPU.Build.0 = Debug|Any CPU
		{23AC6C1A-8EDA-4AD8-A84D-7057F2D97627}.Release|Any CPU.ActiveCfg = Release|Any CPU
		{23AC6C1A-8EDA-4AD8-A84D-7057F2D97627}.Release|Any CPU.Build.0 = Release|Any CPU
	EndGlobalSection
	GlobalSection(SolutionProperties) = preSolution
		HideSolutionNode = FALSE
	EndGlobalSection
	GlobalSection(ExtensibilityGlobals) = postSolution
		SolutionGuid = {3C2F3695-7358-40D9-94B6-36E75AB8664E}
	EndGlobalSection
EndGlobal
